
Microsoft Visual Studio Solution File, Format Version 12.00
# Visual Studio Version 17
VisualStudioVersion = 17.6.33723.286
MinimumVisualStudioVersion = 10.0.40219.1
Project("{8BC9CEB8-8B4A-11D0-8D11-00A0C91BC942}") = "Jde.App.ServerLib", ".build\Jde.App.ServerLib.vcxproj", "{9C721657-51CB-3FB6-B38D-43E43A811B28}"
	ProjectSection(ProjectDependencies) = postProject
		{56035870-44B4-3CE3-9497-7084B838764A} = {56035870-44B4-3CE3-9497-7084B838764A}
		{5A9EE2A3-1536-3252-A222-D763568EE8C8} = {5A9EE2A3-1536-3252-A222-D763568EE8C8}
		{7830423D-AAD5-3B83-A154-6F7A52B39A98} = {7830423D-AAD5-3B83-A154-6F7A52B39A98}
		{85947D0B-7D69-306D-B6E2-6F5D6F92A513} = {85947D0B-7D69-306D-B6E2-6F5D6F92A513}
	EndProjectSection
EndProject
Project("{8BC9CEB8-8B4A-11D0-8D11-00A0C91BC942}") = "Jde.Crypto", "..\..\Public\src\crypto\.build\Jde.Crypto.vcxproj", "{7830423D-AAD5-3B83-A154-6F7A52B39A98}"
	ProjectSection(ProjectDependencies) = postProject
		{56035870-44B4-3CE3-9497-7084B838764A} = {56035870-44B4-3CE3-9497-7084B838764A}
	EndProjectSection
EndProject
Project("{8BC9CEB8-8B4A-11D0-8D11-00A0C91BC942}") = "Jde", "..\..\Framework\source\.build\Jde.vcxproj", "{56035870-44B4-3CE3-9497-7084B838764A}"
EndProject
Project("{8BC9CEB8-8B4A-11D0-8D11-00A0C91BC942}") = "Jde.App.Server", "..\.build\Jde.App.Server.vcxproj", "{2F26CFDA-D4FB-3B64-9F80-D149B7922A22}"
	ProjectSection(ProjectDependencies) = postProject
		{56035870-44B4-3CE3-9497-7084B838764A} = {56035870-44B4-3CE3-9497-7084B838764A}
		{71FD5FEB-48DC-3F44-A5EA-434BB7D044EF} = {71FD5FEB-48DC-3F44-A5EA-434BB7D044EF}
		{7830423D-AAD5-3B83-A154-6F7A52B39A98} = {7830423D-AAD5-3B83-A154-6F7A52B39A98}
		{83913D61-3FA0-3439-977A-C2198579069E} = {83913D61-3FA0-3439-977A-C2198579069E}
		{9C721657-51CB-3FB6-B38D-43E43A811B28} = {9C721657-51CB-3FB6-B38D-43E43A811B28}
	EndProjectSection
EndProject
Project("{8BC9CEB8-8B4A-11D0-8D11-00A0C91BC942}") = "Jde.Web.Server", "..\..\Public\src\web\server\.build\Jde.Web.Server.vcxproj", "{85947D0B-7D69-306D-B6E2-6F5D6F92A513}"
	ProjectSection(ProjectDependencies) = postProject
		{56035870-44B4-3CE3-9497-7084B838764A} = {56035870-44B4-3CE3-9497-7084B838764A}
		{7830423D-AAD5-3B83-A154-6F7A52B39A98} = {7830423D-AAD5-3B83-A154-6F7A52B39A98}
	EndProjectSection
EndProject
Project("{8BC9CEB8-8B4A-11D0-8D11-00A0C91BC942}") = "Jde.App.Shared", "..\..\Public\src\app\shared\.build\Jde.App.Shared.vcxproj", "{5A9EE2A3-1536-3252-A222-D763568EE8C8}"
	ProjectSection(ProjectDependencies) = postProject
		{56035870-44B4-3CE3-9497-7084B838764A} = {56035870-44B4-3CE3-9497-7084B838764A}
	EndProjectSection
EndProject
Project("{8BC9CEB8-8B4A-11D0-8D11-00A0C91BC942}") = "Jde.DB.Odbc", "..\..\Odbc\source\.build\Jde.DB.Odbc.vcxproj", "{6BA5A6E1-3BE1-3F70-9894-D3660722CCF4}"
EndProject
Project("{2150E333-8FDC-42A3-9474-1A3956D46DE8}") = "Installs", "Installs", "{AEFF44CB-EA31-439A-B7FF-4CCEB3CBB8E3}"
EndProject
Project("{2150E333-8FDC-42A3-9474-1A3956D46DE8}") = "Framework", "Framework", "{0481BEFA-4AAA-45FE-B193-AB6AE56129D0}"
EndProject
Project("{8BC9CEB8-8B4A-11D0-8D11-00A0C91BC942}") = "INSTALL", "..\..\Framework\source\.build\INSTALL.vcxproj", "{83913D61-3FA0-3439-977A-C2198579069E}"
	ProjectSection(ProjectDependencies) = postProject
		{56035870-44B4-3CE3-9497-7084B838764A} = {56035870-44B4-3CE3-9497-7084B838764A}
	EndProjectSection
EndProject
Project("{2150E333-8FDC-42A3-9474-1A3956D46DE8}") = "App", "App", "{FCBC2B8D-892F-4C77-BC28-847843CC8D94}"
EndProject
Project("{2150E333-8FDC-42A3-9474-1A3956D46DE8}") = "Shared", "Shared", "{12E14328-56EC-4BF6-82B3-A306D677CA37}"
EndProject
Project("{8BC9CEB8-8B4A-11D0-8D11-00A0C91BC942}") = "INSTALL", "..\..\Public\src\app\shared\.build\INSTALL.vcxproj", "{71FD5FEB-48DC-3F44-A5EA-434BB7D044EF}"
	ProjectSection(ProjectDependencies) = postProject
		{5A9EE2A3-1536-3252-A222-D763568EE8C8} = {5A9EE2A3-1536-3252-A222-D763568EE8C8}
		{83913D61-3FA0-3439-977A-C2198579069E} = {83913D61-3FA0-3439-977A-C2198579069E}
	EndProjectSection
EndProject
Project("{2150E333-8FDC-42A3-9474-1A3956D46DE8}") = "server", "server", "{84C81BD4-00E4-47D5-9767-7459D5D8CCC8}"
EndProject
Project("{8BC9CEB8-8B4A-11D0-8D11-00A0C91BC942}") = "INSTALL", "..\.build\INSTALL.vcxproj", "{3FA418DF-1621-3D29-85AE-978D9A7101FB}"
	ProjectSection(ProjectDependencies) = postProject
		{2F26CFDA-D4FB-3B64-9F80-D149B7922A22} = {2F26CFDA-D4FB-3B64-9F80-D149B7922A22}
		{71FD5FEB-48DC-3F44-A5EA-434BB7D044EF} = {71FD5FEB-48DC-3F44-A5EA-434BB7D044EF}
		{83913D61-3FA0-3439-977A-C2198579069E} = {83913D61-3FA0-3439-977A-C2198579069E}
	EndProjectSection
EndProject
Project("{2150E333-8FDC-42A3-9474-1A3956D46DE8}") = "Odbc", "Odbc", "{7D34A4EC-04A0-4FDB-8DC3-0CA8CDC1032C}"
EndProject
Project("{8BC9CEB8-8B4A-11D0-8D11-00A0C91BC942}") = "INSTALL", "..\..\Odbc\source\.build\INSTALL.vcxproj", "{2BC82998-8161-353D-9006-7CF20A3277B3}"
	ProjectSection(ProjectDependencies) = postProject
		{6BA5A6E1-3BE1-3F70-9894-D3660722CCF4} = {6BA5A6E1-3BE1-3F70-9894-D3660722CCF4}
	EndProjectSection
EndProject
Global
	GlobalSection(SolutionConfigurationPlatforms) = preSolution
		Debug|x64 = Debug|x64
		MinSizeRel|x64 = MinSizeRel|x64
		Release|x64 = Release|x64
		RelWithDebInfo|x64 = RelWithDebInfo|x64
	EndGlobalSection
	GlobalSection(ProjectConfigurationPlatforms) = postSolution
		{9C721657-51CB-3FB6-B38D-43E43A811B28}.Debug|x64.ActiveCfg = Debug|x64
		{9C721657-51CB-3FB6-B38D-43E43A811B28}.Debug|x64.Build.0 = Debug|x64
		{9C721657-51CB-3FB6-B38D-43E43A811B28}.MinSizeRel|x64.ActiveCfg = RelWithDebInfo|x64
		{9C721657-51CB-3FB6-B38D-43E43A811B28}.MinSizeRel|x64.Build.0 = RelWithDebInfo|x64
		{9C721657-51CB-3FB6-B38D-43E43A811B28}.Release|x64.ActiveCfg = Release|x64
		{9C721657-51CB-3FB6-B38D-43E43A811B28}.Release|x64.Build.0 = Release|x64
		{9C721657-51CB-3FB6-B38D-43E43A811B28}.RelWithDebInfo|x64.ActiveCfg = RelWithDebInfo|x64
		{9C721657-51CB-3FB6-B38D-43E43A811B28}.RelWithDebInfo|x64.Build.0 = RelWithDebInfo|x64
		{7830423D-AAD5-3B83-A154-6F7A52B39A98}.Debug|x64.ActiveCfg = Debug|x64
		{7830423D-AAD5-3B83-A154-6F7A52B39A98}.Debug|x64.Build.0 = Debug|x64
		{7830423D-AAD5-3B83-A154-6F7A52B39A98}.MinSizeRel|x64.ActiveCfg = RelWithDebInfo|x64
		{7830423D-AAD5-3B83-A154-6F7A52B39A98}.MinSizeRel|x64.Build.0 = RelWithDebInfo|x64
		{7830423D-AAD5-3B83-A154-6F7A52B39A98}.Release|x64.ActiveCfg = Release|x64
		{7830423D-AAD5-3B83-A154-6F7A52B39A98}.Release|x64.Build.0 = Release|x64
		{7830423D-AAD5-3B83-A154-6F7A52B39A98}.RelWithDebInfo|x64.ActiveCfg = RelWithDebInfo|x64
		{7830423D-AAD5-3B83-A154-6F7A52B39A98}.RelWithDebInfo|x64.Build.0 = RelWithDebInfo|x64
		{56035870-44B4-3CE3-9497-7084B838764A}.Debug|x64.ActiveCfg = Debug|x64
		{56035870-44B4-3CE3-9497-7084B838764A}.Debug|x64.Build.0 = Debug|x64
		{56035870-44B4-3CE3-9497-7084B838764A}.MinSizeRel|x64.ActiveCfg = RelWithDebInfo|x64
		{56035870-44B4-3CE3-9497-7084B838764A}.MinSizeRel|x64.Build.0 = RelWithDebInfo|x64
		{56035870-44B4-3CE3-9497-7084B838764A}.Release|x64.ActiveCfg = Release|x64
		{56035870-44B4-3CE3-9497-7084B838764A}.Release|x64.Build.0 = Release|x64
		{56035870-44B4-3CE3-9497-7084B838764A}.RelWithDebInfo|x64.ActiveCfg = RelWithDebInfo|x64
		{56035870-44B4-3CE3-9497-7084B838764A}.RelWithDebInfo|x64.Build.0 = RelWithDebInfo|x64
		{2F26CFDA-D4FB-3B64-9F80-D149B7922A22}.Debug|x64.ActiveCfg = Debug|x64
		{2F26CFDA-D4FB-3B64-9F80-D149B7922A22}.Debug|x64.Build.0 = Debug|x64
		{2F26CFDA-D4FB-3B64-9F80-D149B7922A22}.MinSizeRel|x64.ActiveCfg = MinSizeRel|x64
		{2F26CFDA-D4FB-3B64-9F80-D149B7922A22}.MinSizeRel|x64.Build.0 = MinSizeRel|x64
		{2F26CFDA-D4FB-3B64-9F80-D149B7922A22}.Release|x64.ActiveCfg = Release|x64
		{2F26CFDA-D4FB-3B64-9F80-D149B7922A22}.Release|x64.Build.0 = Release|x64
		{2F26CFDA-D4FB-3B64-9F80-D149B7922A22}.RelWithDebInfo|x64.ActiveCfg = RelWithDebInfo|x64
		{2F26CFDA-D4FB-3B64-9F80-D149B7922A22}.RelWithDebInfo|x64.Build.0 = RelWithDebInfo|x64
		{85947D0B-7D69-306D-B6E2-6F5D6F92A513}.Debug|x64.ActiveCfg = Debug|x64
		{85947D0B-7D69-306D-B6E2-6F5D6F92A513}.Debug|x64.Build.0 = Debug|x64
		{85947D0B-7D69-306D-B6E2-6F5D6F92A513}.MinSizeRel|x64.ActiveCfg = RelWithDebInfo|x64
		{85947D0B-7D69-306D-B6E2-6F5D6F92A513}.MinSizeRel|x64.Build.0 = RelWithDebInfo|x64
		{85947D0B-7D69-306D-B6E2-6F5D6F92A513}.Release|x64.ActiveCfg = Release|x64
		{85947D0B-7D69-306D-B6E2-6F5D6F92A513}.Release|x64.Build.0 = Release|x64
		{85947D0B-7D69-306D-B6E2-6F5D6F92A513}.RelWithDebInfo|x64.ActiveCfg = RelWithDebInfo|x64
		{85947D0B-7D69-306D-B6E2-6F5D6F92A513}.RelWithDebInfo|x64.Build.0 = RelWithDebInfo|x64
		{5A9EE2A3-1536-3252-A222-D763568EE8C8}.Debug|x64.ActiveCfg = Debug|x64
		{5A9EE2A3-1536-3252-A222-D763568EE8C8}.Debug|x64.Build.0 = Debug|x64
		{5A9EE2A3-1536-3252-A222-D763568EE8C8}.MinSizeRel|x64.ActiveCfg = RelWithDebInfo|x64
		{5A9EE2A3-1536-3252-A222-D763568EE8C8}.MinSizeRel|x64.Build.0 = RelWithDebInfo|x64
		{5A9EE2A3-1536-3252-A222-D763568EE8C8}.Release|x64.ActiveCfg = Release|x64
		{5A9EE2A3-1536-3252-A222-D763568EE8C8}.Release|x64.Build.0 = Release|x64
		{5A9EE2A3-1536-3252-A222-D763568EE8C8}.RelWithDebInfo|x64.ActiveCfg = RelWithDebInfo|x64
		{5A9EE2A3-1536-3252-A222-D763568EE8C8}.RelWithDebInfo|x64.Build.0 = RelWithDebInfo|x64
		{6BA5A6E1-3BE1-3F70-9894-D3660722CCF4}.Debug|x64.ActiveCfg = Debug|x64
		{6BA5A6E1-3BE1-3F70-9894-D3660722CCF4}.Debug|x64.Build.0 = Debug|x64
		{6BA5A6E1-3BE1-3F70-9894-D3660722CCF4}.MinSizeRel|x64.ActiveCfg = RelWithDebInfo|x64
		{6BA5A6E1-3BE1-3F70-9894-D3660722CCF4}.MinSizeRel|x64.Build.0 = RelWithDebInfo|x64
		{6BA5A6E1-3BE1-3F70-9894-D3660722CCF4}.Release|x64.ActiveCfg = Release|x64
		{6BA5A6E1-3BE1-3F70-9894-D3660722CCF4}.Release|x64.Build.0 = Release|x64
		{6BA5A6E1-3BE1-3F70-9894-D3660722CCF4}.RelWithDebInfo|x64.ActiveCfg = RelWithDebInfo|x64
		{6BA5A6E1-3BE1-3F70-9894-D3660722CCF4}.RelWithDebInfo|x64.Build.0 = RelWithDebInfo|x64
		{83913D61-3FA0-3439-977A-C2198579069E}.Debug|x64.ActiveCfg = Debug|x64
		{83913D61-3FA0-3439-977A-C2198579069E}.Debug|x64.Build.0 = Debug|x64
		{83913D61-3FA0-3439-977A-C2198579069E}.MinSizeRel|x64.ActiveCfg = RelWithDebInfo|x64
		{83913D61-3FA0-3439-977A-C2198579069E}.MinSizeRel|x64.Build.0 = RelWithDebInfo|x64
		{83913D61-3FA0-3439-977A-C2198579069E}.Release|x64.ActiveCfg = Release|x64
		{83913D61-3FA0-3439-977A-C2198579069E}.Release|x64.Build.0 = Release|x64
		{83913D61-3FA0-3439-977A-C2198579069E}.RelWithDebInfo|x64.ActiveCfg = RelWithDebInfo|x64
		{83913D61-3FA0-3439-977A-C2198579069E}.RelWithDebInfo|x64.Build.0 = RelWithDebInfo|x64
		{71FD5FEB-48DC-3F44-A5EA-434BB7D044EF}.Debug|x64.ActiveCfg = Debug|x64
		{71FD5FEB-48DC-3F44-A5EA-434BB7D044EF}.Debug|x64.Build.0 = Debug|x64
		{71FD5FEB-48DC-3F44-A5EA-434BB7D044EF}.MinSizeRel|x64.ActiveCfg = RelWithDebInfo|x64
		{71FD5FEB-48DC-3F44-A5EA-434BB7D044EF}.MinSizeRel|x64.Build.0 = RelWithDebInfo|x64
		{71FD5FEB-48DC-3F44-A5EA-434BB7D044EF}.Release|x64.ActiveCfg = Release|x64
		{71FD5FEB-48DC-3F44-A5EA-434BB7D044EF}.Release|x64.Build.0 = Release|x64
		{71FD5FEB-48DC-3F44-A5EA-434BB7D044EF}.RelWithDebInfo|x64.ActiveCfg = RelWithDebInfo|x64
		{71FD5FEB-48DC-3F44-A5EA-434BB7D044EF}.RelWithDebInfo|x64.Build.0 = RelWithDebInfo|x64
		{3FA418DF-1621-3D29-85AE-978D9A7101FB}.Debug|x64.ActiveCfg = Debug|x64
		{3FA418DF-1621-3D29-85AE-978D9A7101FB}.Debug|x64.Build.0 = Debug|x64
		{3FA418DF-1621-3D29-85AE-978D9A7101FB}.MinSizeRel|x64.ActiveCfg = RelWithDebInfo|x64
		{3FA418DF-1621-3D29-85AE-978D9A7101FB}.MinSizeRel|x64.Build.0 = RelWithDebInfo|x64
		{3FA418DF-1621-3D29-85AE-978D9A7101FB}.Release|x64.ActiveCfg = Release|x64
		{3FA418DF-1621-3D29-85AE-978D9A7101FB}.Release|x64.Build.0 = Release|x64
		{3FA418DF-1621-3D29-85AE-978D9A7101FB}.RelWithDebInfo|x64.ActiveCfg = RelWithDebInfo|x64
		{3FA418DF-1621-3D29-85AE-978D9A7101FB}.RelWithDebInfo|x64.Build.0 = RelWithDebInfo|x64
		{2BC82998-8161-353D-9006-7CF20A3277B3}.Debug|x64.ActiveCfg = Debug|x64
		{2BC82998-8161-353D-9006-7CF20A3277B3}.Debug|x64.Build.0 = Debug|x64
		{2BC82998-8161-353D-9006-7CF20A3277B3}.MinSizeRel|x64.ActiveCfg = RelWithDebInfo|x64
		{2BC82998-8161-353D-9006-7CF20A3277B3}.MinSizeRel|x64.Build.0 = RelWithDebInfo|x64
		{2BC82998-8161-353D-9006-7CF20A3277B3}.Release|x64.ActiveCfg = Release|x64
		{2BC82998-8161-353D-9006-7CF20A3277B3}.Release|x64.Build.0 = Release|x64
		{2BC82998-8161-353D-9006-7CF20A3277B3}.RelWithDebInfo|x64.ActiveCfg = RelWithDebInfo|x64
		{2BC82998-8161-353D-9006-7CF20A3277B3}.RelWithDebInfo|x64.Build.0 = RelWithDebInfo|x64
	EndGlobalSection
	GlobalSection(SolutionProperties) = preSolution
		HideSolutionNode = FALSE
	EndGlobalSection
	GlobalSection(NestedProjects) = preSolution
		{0481BEFA-4AAA-45FE-B193-AB6AE56129D0} = {AEFF44CB-EA31-439A-B7FF-4CCEB3CBB8E3}
		{83913D61-3FA0-3439-977A-C2198579069E} = {0481BEFA-4AAA-45FE-B193-AB6AE56129D0}
		{FCBC2B8D-892F-4C77-BC28-847843CC8D94} = {AEFF44CB-EA31-439A-B7FF-4CCEB3CBB8E3}
		{12E14328-56EC-4BF6-82B3-A306D677CA37} = {FCBC2B8D-892F-4C77-BC28-847843CC8D94}
		{71FD5FEB-48DC-3F44-A5EA-434BB7D044EF} = {12E14328-56EC-4BF6-82B3-A306D677CA37}
		{84C81BD4-00E4-47D5-9767-7459D5D8CCC8} = {FCBC2B8D-892F-4C77-BC28-847843CC8D94}
		{3FA418DF-1621-3D29-85AE-978D9A7101FB} = {84C81BD4-00E4-47D5-9767-7459D5D8CCC8}
		{7D34A4EC-04A0-4FDB-8DC3-0CA8CDC1032C} = {AEFF44CB-EA31-439A-B7FF-4CCEB3CBB8E3}
		{2BC82998-8161-353D-9006-7CF20A3277B3} = {7D34A4EC-04A0-4FDB-8DC3-0CA8CDC1032C}
	EndGlobalSection
	GlobalSection(ExtensibilityGlobals) = postSolution
		SolutionGuid = {221C0219-CC42-4B90-9115-981017C8AD75}
	EndGlobalSection
EndGlobal
